{
  "requires": true,
  "lockfileVersion": 1,
  "dependencies": {
    "@antv/dom-util": {
      "version": "2.0.1",
      "resolved": "https://registry.npmjs.org/@antv/dom-util/-/dom-util-2.0.1.tgz",
      "integrity": "sha512-0k1BCwQu0fS6WxR3mcDpRbj+zn4vKdpKRpaMmcskN7lCEMGZjDG2ttL3+OHYdqI2cN5Y9TIS9IbVcvAQpGkZww=="
    },
    "@antv/event-emitter": {
      "version": "0.1.1",
      "resolved": "https://registry.npmjs.org/@antv/event-emitter/-/event-emitter-0.1.1.tgz",
      "integrity": "sha512-kg2xncgQDLUMJpbaeFpY0LL3BXYkpAjQfNbvqqVdfug1rNxo7w9cZATO3y10wJfVuyO4UPJOHKnWNHgtB538eQ=="
    },
    "@antv/g-base": {
      "version": "0.3.21",
      "resolved": "https://registry.npmjs.org/@antv/g-base/-/g-base-0.3.21.tgz",
      "integrity": "sha512-woMko8d9Xc4WFhj45sirpEza40PnDRhxrgWsFly9m8rl28cQCLaq6IrzjjY7Ht3y+foVszOipev8NNla/uHdzQ==",
      "requires": {
        "@antv/event-emitter": "^0.1.1",
        "@antv/g-math": "^0.1.1",
        "@antv/matrix-util": "^2.0.4",
        "@antv/path-util": "~2.0.5",
        "@antv/util": "~2.0.0",
        "@types/d3-timer": "^1.0.9",
        "d3-ease": "^1.0.5",
        "d3-interpolate": "^1.3.2",
        "d3-timer": "^1.0.9"
      }
    },
    "@antv/g-canvas": {
      "version": "0.3.23",
      "resolved": "https://registry.npmjs.org/@antv/g-canvas/-/g-canvas-0.3.23.tgz",
      "integrity": "sha512-QfsIqtW3Jjsk8EEXPuJlM+Nb2u6EApVSnMzh8JbomaSX2cLPn5jNhZd91Bl9YNJbhcCeQrUAoTYvpfOMPzZbhA==",
      "requires": {
        "@antv/g-base": "^0.3.22",
        "@antv/g-math": "^0.1.1",
        "@antv/gl-matrix": "~2.7.1",
        "@antv/path-util": "~2.0.3-beta.1",
        "@antv/util": "~2.0.0"
      },
      "dependencies": {
        "@antv/g-base": {
          "version": "0.3.22",
          "resolved": "https://registry.npmjs.org/@antv/g-base/-/g-base-0.3.22.tgz",
          "integrity": "sha512-rM1mwl5ze7OhXpYQSuFXBCKRUIF7xilTl/VhZXrd0H3Tan2IyNrOTYmo/6XXseV20R0gTkxiDWGHJZvNnyK2bw==",
          "requires": {
            "@antv/event-emitter": "^0.1.1",
            "@antv/g-math": "^0.1.1",
            "@antv/matrix-util": "^2.0.4",
            "@antv/path-util": "~2.0.5",
            "@antv/util": "~2.0.0",
            "@types/d3-timer": "^1.0.9",
            "d3-ease": "^1.0.5",
            "d3-interpolate": "^1.3.2",
            "d3-timer": "^1.0.9"
          }
        }
      }
    },
    "@antv/g-math": {
      "version": "0.1.1",
      "resolved": "https://registry.npmjs.org/@antv/g-math/-/g-math-0.1.1.tgz",
      "integrity": "sha512-N7Q0SNNhAAPYELMM/Tx8epC6szNJLJZIbDJwzDEXneJwk1IeVjMycVKXQs6fVOo+yVyOOL5XSTZBvTUwP09uCA==",
      "requires": {
        "@antv/gl-matrix": "~2.7.1",
        "@antv/util": "~2.0.0"
      }
    },
    "@antv/g6": {
      "version": "3.3.5",
      "resolved": "https://registry.npmjs.org/@antv/g6/-/g6-3.3.5.tgz",
      "integrity": "sha512-BJyGTmlqD2YFBfBn6OVyj8gChExwmXieROKsoV6J638+M3hWzXVv4M9piPQ5Oy8V20uu9pmrf7yhKKCex7MypA==",
      "requires": {
        "@antv/dom-util": "^2.0.1",
        "@antv/event-emitter": "~0.1.0",
        "@antv/g-base": "^0.3.5",
        "@antv/g-canvas": "^0.3.17",
        "@antv/g-math": "^0.1.1",
        "@antv/hierarchy": "^0.6.1",
        "@antv/matrix-util": "^2.0.4",
        "@antv/path-util": "^2.0.3",
        "@antv/scale": "^0.2.0",
        "@antv/util": "~2.0.5",
        "d3-force": "^2.0.1",
        "dagre": "^0.8.5",
        "lodash": "^4.17.15",
        "numericjs": "^1.2.6"
      }
    },
    "@antv/gl-matrix": {
      "version": "2.7.1",
      "resolved": "https://registry.npmjs.org/@antv/gl-matrix/-/gl-matrix-2.7.1.tgz",
      "integrity": "sha512-oOWcVNlpELIKi9x+Mm1Vwbz8pXfkbJKykoCIOJ/dNK79hSIANbpXJ5d3Rra9/wZqK6MC961B7sybFhPlLraT3Q=="
    },
    "@antv/hierarchy": {
      "version": "0.6.1",
      "resolved": "https://registry.npmjs.org/@antv/hierarchy/-/hierarchy-0.6.1.tgz",
      "integrity": "sha512-IYYi3wwFxKqBhuJtvJVvehwQqppnZaGZg+StIS06GS08uvzRrT4YOIqMWgDmkfLMGrtq7E8Zy6/Sd0lfR1Z9xw==",
      "requires": {
        "@antv/util": "~1.3.1"
      },
      "dependencies": {
        "@antv/util": {
          "version": "1.3.1",
          "resolved": "https://registry.npmjs.org/@antv/util/-/util-1.3.1.tgz",
          "integrity": "sha512-cbUta0hIJrKEaW3eKoGarz3Ita+9qUPF2YzTj8A6wds/nNiy20G26ztIWHU+5ThLc13B1n5Ik52LbaCaeg9enA==",
          "requires": {
            "@antv/gl-matrix": "^2.7.1"
          }
        }
      }
    },
    "@antv/matrix-util": {
      "version": "2.0.4",
      "resolved": "https://registry.npmjs.org/@antv/matrix-util/-/matrix-util-2.0.4.tgz",
      "integrity": "sha512-qZ7JYdz1YpaCCGF4W2M+VB2RNf94W9l2YI4xXb+MbScqbZt4oiNdZ8PTL4GHWiTUwLFrGAcXvSQcGYtN1c343Q==",
      "requires": {
        "@antv/gl-matrix": "^2.7.1",
        "@antv/util": "~2.0.0",
        "tslib": "^1.10.0"
      }
    },
    "@antv/path-util": {
      "version": "2.0.5",
      "resolved": "https://registry.npmjs.org/@antv/path-util/-/path-util-2.0.5.tgz",
      "integrity": "sha512-AHRzDoPRLOXFbCPLB/moOtuCF8NjiMf//36zDzuaAiBMnNmrqyxvHM2JYaDiIOqfmDAbA7no+2mS2qiTXg5WVg==",
      "requires": {
        "@antv/util": "~2.0.0",
        "tslib": "^1.10.0"
      }
    },
    "@antv/scale": {
      "version": "0.2.3",
      "resolved": "https://registry.npmjs.org/@antv/scale/-/scale-0.2.3.tgz",
      "integrity": "sha512-SDniBuf9b5n7dAm7cXpJCFRRWbHzhzHmxs28KRkayas13lfftKXzHrMRjmdhIv5XzIByDBH9Yv2ln46mt9ZVrg==",
      "requires": {
        "@antv/util": "~2.0.3",
        "moment": "^2.24.0",
        "tslib": "^1.10.0"
      }
    },
    "@antv/util": {
      "version": "2.0.6",
      "resolved": "https://registry.npmjs.org/@antv/util/-/util-2.0.6.tgz",
      "integrity": "sha512-kWoEiM5OyT2NieEM67rHwoXP/09iRJAho7+TP+FEUWIrJRA6KkSLNipwHhm7D+mA8BuwcKtOe2i7zewobMfJuQ==",
      "requires": {
        "tslib": "^1.10.0"
      }
    },
    "@types/d3-timer": {
      "version": "1.0.9",
      "resolved": "https://registry.npmjs.org/@types/d3-timer/-/d3-timer-1.0.9.tgz",
      "integrity": "sha512-WvfJ3LFxBbWjqRGz9n7GJt08RrTHPJDVsIwwoCMROlqF+iDacYiAFjf9oqnq0mXpb2juA2N/qjKP+MKdal3YNQ=="
    },
    "d3-color": {
      "version": "1.4.0",
      "resolved": "https://registry.npmjs.org/d3-color/-/d3-color-1.4.0.tgz",
      "integrity": "sha512-TzNPeJy2+iEepfiL92LAAB7fvnp/dV2YwANPVHdDWmYMm23qIJBYww3qT8I8C1wXrmrg4UWs7BKc2tKIgyjzHg=="
    },
    "d3-dispatch": {
      "version": "1.0.6",
      "resolved": "https://registry.npmjs.org/d3-dispatch/-/d3-dispatch-1.0.6.tgz",
      "integrity": "sha512-fVjoElzjhCEy+Hbn8KygnmMS7Or0a9sI2UzGwoB7cCtvI1XpVN9GpoYlnb3xt2YV66oXYb1fLJ8GMvP4hdU1RA=="
    },
    "d3-ease": {
      "version": "1.0.6",
      "resolved": "https://registry.npmjs.org/d3-ease/-/d3-ease-1.0.6.tgz",
      "integrity": "sha512-SZ/lVU7LRXafqp7XtIcBdxnWl8yyLpgOmzAk0mWBI9gXNzLDx5ybZgnRbH9dN/yY5tzVBqCQ9avltSnqVwessQ=="
    },
    "d3-force": {
      "version": "2.0.1",
      "resolved": "https://registry.npmjs.org/d3-force/-/d3-force-2.0.1.tgz",
      "integrity": "sha512-zh73/N6+MElRojiUG7vmn+3vltaKon7iD5vB/7r9nUaBeftXMzRo5IWEG63DLBCto4/8vr9i3m9lwr1OTJNiCg==",
      "requires": {
        "d3-dispatch": "1",
        "d3-quadtree": "1",
        "d3-timer": "1"
      }
    },
    "d3-interpolate": {
      "version": "1.4.0",
      "resolved": "https://registry.npmjs.org/d3-interpolate/-/d3-interpolate-1.4.0.tgz",
      "integrity": "sha512-V9znK0zc3jOPV4VD2zZn0sDhZU3WAE2bmlxdIwwQPPzPjvyLkd8B3JUVdS1IDUFDkWZ72c9qnv1GK2ZagTZ8EA==",
      "requires": {
        "d3-color": "1"
      }
    },
    "d3-quadtree": {
      "version": "1.0.7",
      "resolved": "https://registry.npmjs.org/d3-quadtree/-/d3-quadtree-1.0.7.tgz",
      "integrity": "sha512-RKPAeXnkC59IDGD0Wu5mANy0Q2V28L+fNe65pOCXVdVuTJS3WPKaJlFHer32Rbh9gIo9qMuJXio8ra4+YmIymA=="
    },
    "d3-timer": {
      "version": "1.0.10",
      "resolved": "https://registry.npmjs.org/d3-timer/-/d3-timer-1.0.10.tgz",
      "integrity": "sha512-B1JDm0XDaQC+uvo4DT79H0XmBskgS3l6Ve+1SBCfxgmtIb1AVrPIoqd+nPSv+loMX8szQ0sVUhGngL7D5QPiXw=="
    },
    "dagre": {
      "version": "0.8.5",
      "resolved": "https://registry.npmjs.org/dagre/-/dagre-0.8.5.tgz",
      "integrity": "sha512-/aTqmnRta7x7MCCpExk7HQL2O4owCT2h8NT//9I1OQ9vt29Pa0BzSAkR5lwFUcQ7491yVi/3CXU9jQ5o0Mn2Sw==",
      "requires": {
        "graphlib": "^2.1.8",
        "lodash": "^4.17.15"
      }
    },
    "graphlib": {
      "version": "2.1.8",
      "resolved": "https://registry.npmjs.org/graphlib/-/graphlib-2.1.8.tgz",
      "integrity": "sha512-jcLLfkpoVGmH7/InMC/1hIvOPSUh38oJtGhvrOFGzioE1DZ+0YW16RgmOJhHiuWTvGiJQ9Z1Ik43JvkRPRvE+A==",
      "requires": {
        "lodash": "^4.17.15"
      }
    },
    "lodash": {
      "version": "4.17.15",
      "resolved": "https://registry.npmjs.org/lodash/-/lodash-4.17.15.tgz",
      "integrity": "sha512-8xOcRHvCjnocdS5cpwXQXVzmmh5e5+saE2QGoeQmbKmRS6J3VQppPOIt0MnmE+4xlZoumy0GPG0D0MVIQbNA1A=="
    },
    "moment": {
      "version": "2.24.0",
      "resolved": "https://registry.npmjs.org/moment/-/moment-2.24.0.tgz",
      "integrity": "sha512-bV7f+6l2QigeBBZSM/6yTNq4P2fNpSWj/0e7jQcy87A8e7o2nAfP/34/2ky5Vw4B9S446EtIhodAzkFCcR4dQg=="
    },
    "numericjs": {
      "version": "1.2.6",
      "resolved": "https://registry.npmjs.org/numericjs/-/numericjs-1.2.6.tgz",
      "integrity": "sha1-wNryXEvLIuBDv4NEP5856LM2eYs="
    },
    "tslib": {
      "version": "1.11.0",
      "resolved": "https://registry.npmjs.org/tslib/-/tslib-1.11.0.tgz",
      "integrity": "sha512-BmndXUtiTn/VDDrJzQE7Mm22Ix3PxgLltW9bSNLoeCY31gnG2OPx0QqJnuc9oMIKioYrz487i6K9o4Pdn0j+Kg=="
    }
  }
}
